
Microsoft Visual Studio Solution File, Format Version 12.00
# Visual Studio Version 17
VisualStudioVersion = 17.13.35828.75 d17.13
MinimumVisualStudioVersion = 10.0.40219.1
Project("{FAE04EC0-301F-11D3-BF4B-00C04F79EFBC}") = "UI", "api-turnero\UI.csproj", "{DD16066D-A6BD-439A-AC1B-97CFADCC1B4A}"
EndProject
Project("{FAE04EC0-301F-11D3-BF4B-00C04F79EFBC}") = "Entities", "Entities\Entities.csproj", "{7DDE75F8-769E-48DD-89B2-80277A32E473}"
EndProject
Project("{FAE04EC0-301F-11D3-BF4B-00C04F79EFBC}") = "DAL", "DAL\DAL.csproj", "{C68C4EC8-9BAF-4D69-B972-27823FF1ED67}"
EndProject
Project("{FAE04EC0-301F-11D3-BF4B-00C04F79EFBC}") = "BLL", "BLL\BLL.csproj", "{45F17548-6FE7-4EE7-AAB7-576A8261FF5D}"
EndProject
Global
	GlobalSection(SolutionConfigurationPlatforms) = preSolution
		Debug|Any CPU = Debug|Any CPU
		Release|Any CPU = Release|Any CPU
	EndGlobalSection
	GlobalSection(ProjectConfigurationPlatforms) = postSolution
		{DD16066D-A6BD-439A-AC1B-97CFADCC1B4A}.Debug|Any CPU.ActiveCfg = Debug|Any CPU
		{DD16066D-A6BD-439A-AC1B-97CFADCC1B4A}.Debug|Any CPU.Build.0 = Debug|Any CPU
		{DD16066D-A6BD-439A-AC1B-97CFADCC1B4A}.Release|Any CPU.ActiveCfg = Release|Any CPU
		{DD16066D-A6BD-439A-AC1B-97CFADCC1B4A}.Release|Any CPU.Build.0 = Release|Any CPU
		{7DDE75F8-769E-48DD-89B2-80277A32E473}.Debug|Any CPU.ActiveCfg = Debug|Any CPU
		{7DDE75F8-769E-48DD-89B2-80277A32E473}.Debug|Any CPU.Build.0 = Debug|Any CPU
		{7DDE75F8-769E-48DD-89B2-80277A32E473}.Release|Any CPU.ActiveCfg = Release|Any CPU
		{7DDE75F8-769E-48DD-89B2-80277A32E473}.Release|Any CPU.Build.0 = Release|Any CPU
		{C68C4EC8-9BAF-4D69-B972-27823FF1ED67}.Debug|Any CPU.ActiveCfg = Debug|Any CPU
		{C68C4EC8-9BAF-4D69-B972-27823FF1ED67}.Debug|Any CPU.Build.0 = Debug|Any CPU
		{C68C4EC8-9BAF-4D69-B972-27823FF1ED67}.Release|Any CPU.ActiveCfg = Release|Any CPU
		{C68C4EC8-9BAF-4D69-B972-27823FF1ED67}.Release|Any CPU.Build.0 = Release|Any CPU
		{45F17548-6FE7-4EE7-AAB7-576A8261FF5D}.Debug|Any CPU.ActiveCfg = Debug|Any CPU
		{45F17548-6FE7-4EE7-AAB7-576A8261FF5D}.Debug|Any CPU.Build.0 = Debug|Any CPU
		{45F17548-6FE7-4EE7-AAB7-576A8261FF5D}.Release|Any CPU.ActiveCfg = Release|Any CPU
		{45F17548-6FE7-4EE7-AAB7-576A8261FF5D}.Release|Any CPU.Build.0 = Release|Any CPU
	EndGlobalSection
	GlobalSection(SolutionProperties) = preSolution
		HideSolutionNode = FALSE
	EndGlobalSection
	GlobalSection(ExtensibilityGlobals) = postSolution
		SolutionGuid = {F6B94361-3984-4D9D-90B1-485362059666}
	EndGlobalSection
EndGlobal
