
Microsoft Visual Studio Solution File, Format Version 12.00
# Visual Studio Version 17
VisualStudioVersion = 17.0.31903.59
MinimumVisualStudioVersion = 10.0.40219.1
Project("{2150E333-8FDC-42A3-9474-1A3956D46DE8}") = "api-turnero", "api-turnero", "{FE90E179-4E97-2AC1-DD0F-8B3AEDE5FAC7}"
EndProject
Project("{FAE04EC0-301F-11D3-BF4B-00C04F79EFBC}") = "UI", "api-turnero\UI.csproj", "{B7333126-95D8-4638-A7E4-1E7676232FCD}"
EndProject
Project("{FAE04EC0-301F-11D3-BF4B-00C04F79EFBC}") = "BLL", "BLL\BLL.csproj", "{8EB09B7C-B249-44BE-85E2-D612776DCC7F}"
EndProject
Project("{FAE04EC0-301F-11D3-BF4B-00C04F79EFBC}") = "DAL", "DAL\DAL.csproj", "{ABD898C8-D225-46B1-BC33-03D6FC981B0E}"
EndProject
Project("{FAE04EC0-301F-11D3-BF4B-00C04F79EFBC}") = "Entities", "Entities\Entities.csproj", "{66CFBB8C-9AC5-4A1B-A70D-8E768DF3B4DC}"
EndProject
Project("{FAE04EC0-301F-11D3-BF4B-00C04F79EFBC}") = "Mapper", "Mapper\Mapper.csproj", "{0419CEAA-E801-4C36-826D-35159361F884}"
EndProject
Global
	GlobalSection(SolutionConfigurationPlatforms) = preSolution
		Debug|Any CPU = Debug|Any CPU
		Debug|x64 = Debug|x64
		Debug|x86 = Debug|x86
		Release|Any CPU = Release|Any CPU
		Release|x64 = Release|x64
		Release|x86 = Release|x86
	EndGlobalSection
	GlobalSection(ProjectConfigurationPlatforms) = postSolution
		{B7333126-95D8-4638-A7E4-1E7676232FCD}.Debug|Any CPU.ActiveCfg = Debug|Any CPU
		{B7333126-95D8-4638-A7E4-1E7676232FCD}.Debug|Any CPU.Build.0 = Debug|Any CPU
		{B7333126-95D8-4638-A7E4-1E7676232FCD}.Debug|x64.ActiveCfg = Debug|Any CPU
		{B7333126-95D8-4638-A7E4-1E7676232FCD}.Debug|x64.Build.0 = Debug|Any CPU
		{B7333126-95D8-4638-A7E4-1E7676232FCD}.Debug|x86.ActiveCfg = Debug|Any CPU
		{B7333126-95D8-4638-A7E4-1E7676232FCD}.Debug|x86.Build.0 = Debug|Any CPU
		{B7333126-95D8-4638-A7E4-1E7676232FCD}.Release|Any CPU.ActiveCfg = Release|Any CPU
		{B7333126-95D8-4638-A7E4-1E7676232FCD}.Release|Any CPU.Build.0 = Release|Any CPU
		{B7333126-95D8-4638-A7E4-1E7676232FCD}.Release|x64.ActiveCfg = Release|Any CPU
		{B7333126-95D8-4638-A7E4-1E7676232FCD}.Release|x64.Build.0 = Release|Any CPU
		{B7333126-95D8-4638-A7E4-1E7676232FCD}.Release|x86.ActiveCfg = Release|Any CPU
		{B7333126-95D8-4638-A7E4-1E7676232FCD}.Release|x86.Build.0 = Release|Any CPU
		{8EB09B7C-B249-44BE-85E2-D612776DCC7F}.Debug|Any CPU.ActiveCfg = Debug|Any CPU
		{8EB09B7C-B249-44BE-85E2-D612776DCC7F}.Debug|Any CPU.Build.0 = Debug|Any CPU
		{8EB09B7C-B249-44BE-85E2-D612776DCC7F}.Debug|x64.ActiveCfg = Debug|Any CPU
		{8EB09B7C-B249-44BE-85E2-D612776DCC7F}.Debug|x64.Build.0 = Debug|Any CPU
		{8EB09B7C-B249-44BE-85E2-D612776DCC7F}.Debug|x86.ActiveCfg = Debug|Any CPU
		{8EB09B7C-B249-44BE-85E2-D612776DCC7F}.Debug|x86.Build.0 = Debug|Any CPU
		{8EB09B7C-B249-44BE-85E2-D612776DCC7F}.Release|Any CPU.ActiveCfg = Release|Any CPU
		{8EB09B7C-B249-44BE-85E2-D612776DCC7F}.Release|Any CPU.Build.0 = Release|Any CPU
		{8EB09B7C-B249-44BE-85E2-D612776DCC7F}.Release|x64.ActiveCfg = Release|Any CPU
		{8EB09B7C-B249-44BE-85E2-D612776DCC7F}.Release|x64.Build.0 = Release|Any CPU
		{8EB09B7C-B249-44BE-85E2-D612776DCC7F}.Release|x86.ActiveCfg = Release|Any CPU
		{8EB09B7C-B249-44BE-85E2-D612776DCC7F}.Release|x86.Build.0 = Release|Any CPU
		{ABD898C8-D225-46B1-BC33-03D6FC981B0E}.Debug|Any CPU.ActiveCfg = Debug|Any CPU
		{ABD898C8-D225-46B1-BC33-03D6FC981B0E}.Debug|Any CPU.Build.0 = Debug|Any CPU
		{ABD898C8-D225-46B1-BC33-03D6FC981B0E}.Debug|x64.ActiveCfg = Debug|Any CPU
		{ABD898C8-D225-46B1-BC33-03D6FC981B0E}.Debug|x64.Build.0 = Debug|Any CPU
		{ABD898C8-D225-46B1-BC33-03D6FC981B0E}.Debug|x86.ActiveCfg = Debug|Any CPU
		{ABD898C8-D225-46B1-BC33-03D6FC981B0E}.Debug|x86.Build.0 = Debug|Any CPU
		{ABD898C8-D225-46B1-BC33-03D6FC981B0E}.Release|Any CPU.ActiveCfg = Release|Any CPU
		{ABD898C8-D225-46B1-BC33-03D6FC981B0E}.Release|Any CPU.Build.0 = Release|Any CPU
		{ABD898C8-D225-46B1-BC33-03D6FC981B0E}.Release|x64.ActiveCfg = Release|Any CPU
		{ABD898C8-D225-46B1-BC33-03D6FC981B0E}.Release|x64.Build.0 = Release|Any CPU
		{ABD898C8-D225-46B1-BC33-03D6FC981B0E}.Release|x86.ActiveCfg = Release|Any CPU
		{ABD898C8-D225-46B1-BC33-03D6FC981B0E}.Release|x86.Build.0 = Release|Any CPU
		{66CFBB8C-9AC5-4A1B-A70D-8E768DF3B4DC}.Debug|Any CPU.ActiveCfg = Debug|Any CPU
		{66CFBB8C-9AC5-4A1B-A70D-8E768DF3B4DC}.Debug|Any CPU.Build.0 = Debug|Any CPU
		{66CFBB8C-9AC5-4A1B-A70D-8E768DF3B4DC}.Debug|x64.ActiveCfg = Debug|Any CPU
		{66CFBB8C-9AC5-4A1B-A70D-8E768DF3B4DC}.Debug|x64.Build.0 = Debug|Any CPU
		{66CFBB8C-9AC5-4A1B-A70D-8E768DF3B4DC}.Debug|x86.ActiveCfg = Debug|Any CPU
		{66CFBB8C-9AC5-4A1B-A70D-8E768DF3B4DC}.Debug|x86.Build.0 = Debug|Any CPU
		{66CFBB8C-9AC5-4A1B-A70D-8E768DF3B4DC}.Release|Any CPU.ActiveCfg = Release|Any CPU
		{66CFBB8C-9AC5-4A1B-A70D-8E768DF3B4DC}.Release|Any CPU.Build.0 = Release|Any CPU
		{66CFBB8C-9AC5-4A1B-A70D-8E768DF3B4DC}.Release|x64.ActiveCfg = Release|Any CPU
		{66CFBB8C-9AC5-4A1B-A70D-8E768DF3B4DC}.Release|x64.Build.0 = Release|Any CPU
		{66CFBB8C-9AC5-4A1B-A70D-8E768DF3B4DC}.Release|x86.ActiveCfg = Release|Any CPU
		{66CFBB8C-9AC5-4A1B-A70D-8E768DF3B4DC}.Release|x86.Build.0 = Release|Any CPU
		{0419CEAA-E801-4C36-826D-35159361F884}.Debug|Any CPU.ActiveCfg = Debug|Any CPU
		{0419CEAA-E801-4C36-826D-35159361F884}.Debug|Any CPU.Build.0 = Debug|Any CPU
		{0419CEAA-E801-4C36-826D-35159361F884}.Debug|x64.ActiveCfg = Debug|Any CPU
		{0419CEAA-E801-4C36-826D-35159361F884}.Debug|x64.Build.0 = Debug|Any CPU
		{0419CEAA-E801-4C36-826D-35159361F884}.Debug|x86.ActiveCfg = Debug|Any CPU
		{0419CEAA-E801-4C36-826D-35159361F884}.Debug|x86.Build.0 = Debug|Any CPU
		{0419CEAA-E801-4C36-826D-35159361F884}.Release|Any CPU.ActiveCfg = Release|Any CPU
		{0419CEAA-E801-4C36-826D-35159361F884}.Release|Any CPU.Build.0 = Release|Any CPU
		{0419CEAA-E801-4C36-826D-35159361F884}.Release|x64.ActiveCfg = Release|Any CPU
		{0419CEAA-E801-4C36-826D-35159361F884}.Release|x64.Build.0 = Release|Any CPU
		{0419CEAA-E801-4C36-826D-35159361F884}.Release|x86.ActiveCfg = Release|Any CPU
		{0419CEAA-E801-4C36-826D-35159361F884}.Release|x86.Build.0 = Release|Any CPU
	EndGlobalSection
	GlobalSection(SolutionProperties) = preSolution
		HideSolutionNode = FALSE
	EndGlobalSection
	GlobalSection(NestedProjects) = preSolution
		{B7333126-95D8-4638-A7E4-1E7676232FCD} = {FE90E179-4E97-2AC1-DD0F-8B3AEDE5FAC7}
		{8EB09B7C-B249-44BE-85E2-D612776DCC7F} = {FE90E179-4E97-2AC1-DD0F-8B3AEDE5FAC7}
		{ABD898C8-D225-46B1-BC33-03D6FC981B0E} = {FE90E179-4E97-2AC1-DD0F-8B3AEDE5FAC7}
		{66CFBB8C-9AC5-4A1B-A70D-8E768DF3B4DC} = {FE90E179-4E97-2AC1-DD0F-8B3AEDE5FAC7}
		{0419CEAA-E801-4C36-826D-35159361F884} = {FE90E179-4E97-2AC1-DD0F-8B3AEDE5FAC7}
	EndGlobalSection
EndGlobal
